
Microsoft Visual Studio Solution File, Format Version 12.00
# Visual Studio Version 16
VisualStudioVersion = 16.0.30406.217
MinimumVisualStudioVersion = 10.0.40219.1
Project("{FAE04EC0-301F-11D3-BF4B-00C04F79EFBC}") = "File_WerktageVideo107", "File_WerktageVideo107.csproj", "{7EBB4CE8-1BC6-40F8-8F6C-136F443DABF6}"
EndProject
Global
	GlobalSection(SolutionConfigurationPlatforms) = preSolution
		Debug|Any CPU = Debug|Any CPU
		Release|Any CPU = Release|Any CPU
	EndGlobalSection
	GlobalSection(ProjectConfigurationPlatforms) = postSolution
		{7EBB4CE8-1BC6-40F8-8F6C-136F443DABF6}.Debug|Any CPU.ActiveCfg = Debug|Any CPU
		{7EBB4CE8-1BC6-40F8-8F6C-136F443DABF6}.Debug|Any CPU.Build.0 = Debug|Any CPU
		{7EBB4CE8-1BC6-40F8-8F6C-136F443DABF6}.Release|Any CPU.ActiveCfg = Release|Any CPU
		{7EBB4CE8-1BC6-40F8-8F6C-136F443DABF6}.Release|Any CPU.Build.0 = Release|Any CPU
	EndGlobalSection
	GlobalSection(SolutionProperties) = preSolution
		HideSolutionNode = FALSE
	EndGlobalSection
	GlobalSection(ExtensibilityGlobals) = postSolution
		SolutionGuid = {B9733B7C-3C72-4B65-BAB1-9579DBEA9E5D}
	EndGlobalSection
EndGlobal
